
Microsoft Visual Studio Solution File, Format Version 12.00
# Visual Studio Version 16
VisualStudioVersion = 16.0.30002.166
MinimumVisualStudioVersion = 10.0.40219.1
Project("{FAE04EC0-301F-11D3-BF4B-00C04F79EFBC}") = "Aufgabe 6", "Aufgabe 6\Aufgabe 6.csproj", "{AF82B97A-DF5B-4E50-BAC8-E64122B3A4F1}"
EndProject
Project("{FAE04EC0-301F-11D3-BF4B-00C04F79EFBC}") = "Aufgabe 7", "Aufgabe 7\Aufgabe 7.csproj", "{2FC13840-1C6D-4022-8F94-4BC7D4B88B24}"
EndProject
Project("{FAE04EC0-301F-11D3-BF4B-00C04F79EFBC}") = "Aufgabe 8", "Aufgabe 8\Aufgabe 8.csproj", "{2B6ED02E-A64C-4F8A-8B20-FE9DF61B15EB}"
EndProject
Project("{FAE04EC0-301F-11D3-BF4B-00C04F79EFBC}") = "Aufgabe 9", "Aufgabe 9\Aufgabe 9.csproj", "{255BDE9A-ADBE-4E6C-946F-2C78BBE5F897}"
EndProject
Project("{FAE04EC0-301F-11D3-BF4B-00C04F79EFBC}") = "Aufgabe 10", "Aufgabe 10\Aufgabe 10.csproj", "{5A664A79-94DC-4FE4-8316-2F1B8187B6AF}"
EndProject
Global
	GlobalSection(SolutionConfigurationPlatforms) = preSolution
		Debug|Any CPU = Debug|Any CPU
		Release|Any CPU = Release|Any CPU
	EndGlobalSection
	GlobalSection(ProjectConfigurationPlatforms) = postSolution
		{AF82B97A-DF5B-4E50-BAC8-E64122B3A4F1}.Debug|Any CPU.ActiveCfg = Debug|Any CPU
		{AF82B97A-DF5B-4E50-BAC8-E64122B3A4F1}.Debug|Any CPU.Build.0 = Debug|Any CPU
		{AF82B97A-DF5B-4E50-BAC8-E64122B3A4F1}.Release|Any CPU.ActiveCfg = Release|Any CPU
		{AF82B97A-DF5B-4E50-BAC8-E64122B3A4F1}.Release|Any CPU.Build.0 = Release|Any CPU
		{2FC13840-1C6D-4022-8F94-4BC7D4B88B24}.Debug|Any CPU.ActiveCfg = Debug|Any CPU
		{2FC13840-1C6D-4022-8F94-4BC7D4B88B24}.Debug|Any CPU.Build.0 = Debug|Any CPU
		{2FC13840-1C6D-4022-8F94-4BC7D4B88B24}.Release|Any CPU.ActiveCfg = Release|Any CPU
		{2FC13840-1C6D-4022-8F94-4BC7D4B88B24}.Release|Any CPU.Build.0 = Release|Any CPU
		{2B6ED02E-A64C-4F8A-8B20-FE9DF61B15EB}.Debug|Any CPU.ActiveCfg = Debug|Any CPU
		{2B6ED02E-A64C-4F8A-8B20-FE9DF61B15EB}.Debug|Any CPU.Build.0 = Debug|Any CPU
		{2B6ED02E-A64C-4F8A-8B20-FE9DF61B15EB}.Release|Any CPU.ActiveCfg = Release|Any CPU
		{2B6ED02E-A64C-4F8A-8B20-FE9DF61B15EB}.Release|Any CPU.Build.0 = Release|Any CPU
		{255BDE9A-ADBE-4E6C-946F-2C78BBE5F897}.Debug|Any CPU.ActiveCfg = Debug|Any CPU
		{255BDE9A-ADBE-4E6C-946F-2C78BBE5F897}.Debug|Any CPU.Build.0 = Debug|Any CPU
		{255BDE9A-ADBE-4E6C-946F-2C78BBE5F897}.Release|Any CPU.ActiveCfg = Release|Any CPU
		{255BDE9A-ADBE-4E6C-946F-2C78BBE5F897}.Release|Any CPU.Build.0 = Release|Any CPU
		{5A664A79-94DC-4FE4-8316-2F1B8187B6AF}.Debug|Any CPU.ActiveCfg = Debug|Any CPU
		{5A664A79-94DC-4FE4-8316-2F1B8187B6AF}.Debug|Any CPU.Build.0 = Debug|Any CPU
		{5A664A79-94DC-4FE4-8316-2F1B8187B6AF}.Release|Any CPU.ActiveCfg = Release|Any CPU
		{5A664A79-94DC-4FE4-8316-2F1B8187B6AF}.Release|Any CPU.Build.0 = Release|Any CPU
	EndGlobalSection
	GlobalSection(SolutionProperties) = preSolution
		HideSolutionNode = FALSE
	EndGlobalSection
	GlobalSection(ExtensibilityGlobals) = postSolution
		SolutionGuid = {4B36F0D6-C0D2-4A80-B2ED-D8FCE23E64AC}
	EndGlobalSection
EndGlobal
